
Microsoft Visual Studio Solution File, Format Version 12.00
# Visual Studio 2012
Project("{FAE04EC0-301F-11D3-BF4B-00C04F79EFBC}") = "debtsTracker", "debtsTracker\debtsTracker.csproj", "{BE8FADA0-9EFE-48F3-AA8B-B6B32ECFAED5}"
EndProject
Global
	GlobalSection(SolutionConfigurationPlatforms) = preSolution
		Debug|Any CPU = Debug|Any CPU
		Release|Any CPU = Release|Any CPU
	EndGlobalSection
	GlobalSection(ProjectConfigurationPlatforms) = postSolution
		{BE8FADA0-9EFE-48F3-AA8B-B6B32ECFAED5}.Debug|Any CPU.ActiveCfg = Debug|Any CPU
		{BE8FADA0-9EFE-48F3-AA8B-B6B32ECFAED5}.Debug|Any CPU.Build.0 = Debug|Any CPU
		{BE8FADA0-9EFE-48F3-AA8B-B6B32ECFAED5}.Release|Any CPU.ActiveCfg = Release|Any CPU
		{BE8FADA0-9EFE-48F3-AA8B-B6B32ECFAED5}.Release|Any CPU.Build.0 = Release|Any CPU
	EndGlobalSection
EndGlobal
